// !$*UTF8*$!
{
	archiveVersion = 1;
	classes = {
	};
	objectVersion = 46;
	objects = {

/* Begin PBXBuildFile section */
		0D0A39CB17C68901002FF4A3 /* PAPrayerService.m in Sources */ = {isa = PBXBuildFile; fileRef = 0D0A39CA17C68901002FF4A3 /* PAPrayerService.m */; };
		0D1EDF3917B05CEC000D6EA4 /* PAComment.m in Sources */ = {isa = PBXBuildFile; fileRef = 0D1EDF3817B05CEC000D6EA4 /* PAComment.m */; };
		0D1EDF3C17B05DEF000D6EA4 /* PAPrayer.m in Sources */ = {isa = PBXBuildFile; fileRef = 0D1EDF3B17B05DEF000D6EA4 /* PAPrayer.m */; };
		0D549B0C17BB17A5008E0216 /* PAHomeViewController.m in Sources */ = {isa = PBXBuildFile; fileRef = 0D549B0B17BB17A5008E0216 /* PAHomeViewController.m */; };
		0D549B0E17BB188C008E0216 /* Storyboard.storyboard in Resources */ = {isa = PBXBuildFile; fileRef = 0D549B0D17BB188C008E0216 /* Storyboard.storyboard */; };
		0D549B2017BC101F008E0216 /* PAPrayListTableViewCell.m in Sources */ = {isa = PBXBuildFile; fileRef = 0D549B1F17BC101F008E0216 /* PAPrayListTableViewCell.m */; };
		0D8B6BB017BED0C10055223A /* PAPrayerDetailViewController.m in Sources */ = {isa = PBXBuildFile; fileRef = 0D8B6BAF17BED0C10055223A /* PAPrayerDetailViewController.m */; };
		0DDCDCDB17BAFB8E00DFAAFE /* PANetWorking.m in Sources */ = {isa = PBXBuildFile; fileRef = 0DDCDCDA17BAFB8E00DFAAFE /* PANetWorking.m */; };
		0DDCDCF017BAFBDB00DFAAFE /* AFHTTPClient.m in Sources */ = {isa = PBXBuildFile; fileRef = 0DDCDCDE17BAFBDB00DFAAFE /* AFHTTPClient.m */; };
		0DDCDCF117BAFBDB00DFAAFE /* AFHTTPRequestOperation.m in Sources */ = {isa = PBXBuildFile; fileRef = 0DDCDCE017BAFBDB00DFAAFE /* AFHTTPRequestOperation.m */; };
		0DDCDCF217BAFBDB00DFAAFE /* AFImageRequestOperation.m in Sources */ = {isa = PBXBuildFile; fileRef = 0DDCDCE217BAFBDB00DFAAFE /* AFImageRequestOperation.m */; };
		0DDCDCF317BAFBDB00DFAAFE /* AFJSONRequestOperation.m in Sources */ = {isa = PBXBuildFile; fileRef = 0DDCDCE417BAFBDB00DFAAFE /* AFJSONRequestOperation.m */; };
		0DDCDCF417BAFBDB00DFAAFE /* AFNetworkActivityIndicatorManager.m in Sources */ = {isa = PBXBuildFile; fileRef = 0DDCDCE617BAFBDB00DFAAFE /* AFNetworkActivityIndicatorManager.m */; };
		0DDCDCF517BAFBDB00DFAAFE /* AFPropertyListRequestOperation.m in Sources */ = {isa = PBXBuildFile; fileRef = 0DDCDCE917BAFBDB00DFAAFE /* AFPropertyListRequestOperation.m */; };
		0DDCDCF617BAFBDB00DFAAFE /* AFURLConnectionOperation.m in Sources */ = {isa = PBXBuildFile; fileRef = 0DDCDCEB17BAFBDB00DFAAFE /* AFURLConnectionOperation.m */; };
		0DDCDCF717BAFBDB00DFAAFE /* AFXMLRequestOperation.m in Sources */ = {isa = PBXBuildFile; fileRef = 0DDCDCED17BAFBDB00DFAAFE /* AFXMLRequestOperation.m */; };
		0DDCDCF817BAFBDB00DFAAFE /* UIImageView+AFNetworking.m in Sources */ = {isa = PBXBuildFile; fileRef = 0DDCDCEF17BAFBDB00DFAAFE /* UIImageView+AFNetworking.m */; };
		0DDFA81B17A9C3EC00D9B794 /* UIKit.framework in Frameworks */ = {isa = PBXBuildFile; fileRef = 0DDFA81A17A9C3EC00D9B794 /* UIKit.framework */; };
		0DDFA81D17A9C3EC00D9B794 /* Foundation.framework in Frameworks */ = {isa = PBXBuildFile; fileRef = 0DDFA81C17A9C3EC00D9B794 /* Foundation.framework */; };
		0DDFA81F17A9C3EC00D9B794 /* CoreGraphics.framework in Frameworks */ = {isa = PBXBuildFile; fileRef = 0DDFA81E17A9C3EC00D9B794 /* CoreGraphics.framework */; };
		0DDFA82517A9C3EC00D9B794 /* InfoPlist.strings in Resources */ = {isa = PBXBuildFile; fileRef = 0DDFA82317A9C3EC00D9B794 /* InfoPlist.strings */; };
		0DDFA82717A9C3EC00D9B794 /* main.m in Sources */ = {isa = PBXBuildFile; fileRef = 0DDFA82617A9C3EC00D9B794 /* main.m */; };
		0DDFA82B17A9C3EC00D9B794 /* AppDelegate.m in Sources */ = {isa = PBXBuildFile; fileRef = 0DDFA82A17A9C3EC00D9B794 /* AppDelegate.m */; };
		0DDFA82D17A9C3EC00D9B794 /* Default.png in Resources */ = {isa = PBXBuildFile; fileRef = 0DDFA82C17A9C3EC00D9B794 /* Default.png */; };
		0DDFA82F17A9C3EC00D9B794 /* Default@2x.png in Resources */ = {isa = PBXBuildFile; fileRef = 0DDFA82E17A9C3EC00D9B794 /* Default@2x.png */; };
		0DDFA83117A9C3EC00D9B794 /* Default-568h@2x.png in Resources */ = {isa = PBXBuildFile; fileRef = 0DDFA83017A9C3EC00D9B794 /* Default-568h@2x.png */; };
		0DDFA83917A9C3EC00D9B794 /* SenTestingKit.framework in Frameworks */ = {isa = PBXBuildFile; fileRef = 0DDFA83817A9C3EC00D9B794 /* SenTestingKit.framework */; };
		0DDFA83A17A9C3EC00D9B794 /* UIKit.framework in Frameworks */ = {isa = PBXBuildFile; fileRef = 0DDFA81A17A9C3EC00D9B794 /* UIKit.framework */; };
		0DDFA83B17A9C3EC00D9B794 /* Foundation.framework in Frameworks */ = {isa = PBXBuildFile; fileRef = 0DDFA81C17A9C3EC00D9B794 /* Foundation.framework */; };
		0DDFA84317A9C3EC00D9B794 /* InfoPlist.strings in Resources */ = {isa = PBXBuildFile; fileRef = 0DDFA84117A9C3EC00D9B794 /* InfoPlist.strings */; };
		0DDFA84617A9C3EC00D9B794 /* prayAppTests.m in Sources */ = {isa = PBXBuildFile; fileRef = 0DDFA84517A9C3EC00D9B794 /* prayAppTests.m */; };
/* End PBXBuildFile section */

/* Begin PBXContainerItemProxy section */
		0DDFA83C17A9C3EC00D9B794 /* PBXContainerItemProxy */ = {
			isa = PBXContainerItemProxy;
			containerPortal = 0DDFA80F17A9C3EC00D9B794 /* Project object */;
			proxyType = 1;
			remoteGlobalIDString = 0DDFA81617A9C3EC00D9B794;
			remoteInfo = prayApp;
		};
/* End PBXContainerItemProxy section */

/* Begin PBXFileReference section */
		0D0A39C917C68901002FF4A3 /* PAPrayerService.h */ = {isa = PBXFileReference; fileEncoding = 4; lastKnownFileType = sourcecode.c.h; name = PAPrayerService.h; path = Service/PAPrayerService.h; sourceTree = "<group>"; };
		0D0A39CA17C68901002FF4A3 /* PAPrayerService.m */ = {isa = PBXFileReference; fileEncoding = 4; lastKnownFileType = sourcecode.c.objc; name = PAPrayerService.m; path = Service/PAPrayerService.m; sourceTree = "<group>"; };
		0D1EDF3717B05CEC000D6EA4 /* PAComment.h */ = {isa = PBXFileReference; fileEncoding = 4; lastKnownFileType = sourcecode.c.h; name = PAComment.h; path = model/PAComment.h; sourceTree = "<group>"; };
		0D1EDF3817B05CEC000D6EA4 /* PAComment.m */ = {isa = PBXFileReference; fileEncoding = 4; lastKnownFileType = sourcecode.c.objc; name = PAComment.m; path = model/PAComment.m; sourceTree = "<group>"; };
		0D1EDF3A17B05DEF000D6EA4 /* PAPrayer.h */ = {isa = PBXFileReference; fileEncoding = 4; lastKnownFileType = sourcecode.c.h; name = PAPrayer.h; path = model/PAPrayer.h; sourceTree = "<group>"; };
		0D1EDF3B17B05DEF000D6EA4 /* PAPrayer.m */ = {isa = PBXFileReference; fileEncoding = 4; lastKnownFileType = sourcecode.c.objc; name = PAPrayer.m; path = model/PAPrayer.m; sourceTree = "<group>"; };
		0D549B0A17BB17A5008E0216 /* PAHomeViewController.h */ = {isa = PBXFileReference; fileEncoding = 4; lastKnownFileType = sourcecode.c.h; name = PAHomeViewController.h; path = Home/PAHomeViewController.h; sourceTree = "<group>"; };
		0D549B0B17BB17A5008E0216 /* PAHomeViewController.m */ = {isa = PBXFileReference; fileEncoding = 4; lastKnownFileType = sourcecode.c.objc; name = PAHomeViewController.m; path = Home/PAHomeViewController.m; sourceTree = "<group>"; };
		0D549B0D17BB188C008E0216 /* Storyboard.storyboard */ = {isa = PBXFileReference; fileEncoding = 4; lastKnownFileType = file.storyboard; path = Storyboard.storyboard; sourceTree = "<group>"; };
		0D549B1E17BC101F008E0216 /* PAPrayListTableViewCell.h */ = {isa = PBXFileReference; fileEncoding = 4; lastKnownFileType = sourcecode.c.h; path = PAPrayListTableViewCell.h; sourceTree = "<group>"; };
		0D549B1F17BC101F008E0216 /* PAPrayListTableViewCell.m */ = {isa = PBXFileReference; fileEncoding = 4; lastKnownFileType = sourcecode.c.objc; path = PAPrayListTableViewCell.m; sourceTree = "<group>"; };
		0D8B6BAE17BED0C10055223A /* PAPrayerDetailViewController.h */ = {isa = PBXFileReference; fileEncoding = 4; lastKnownFileType = sourcecode.c.h; path = PAPrayerDetailViewController.h; sourceTree = "<group>"; };
		0D8B6BAF17BED0C10055223A /* PAPrayerDetailViewController.m */ = {isa = PBXFileReference; fileEncoding = 4; lastKnownFileType = sourcecode.c.objc; path = PAPrayerDetailViewController.m; sourceTree = "<group>"; };
		0DDCDCD917BAFB8E00DFAAFE /* PANetWorking.h */ = {isa = PBXFileReference; fileEncoding = 4; lastKnownFileType = sourcecode.c.h; name = PANetWorking.h; path = Service/PANetWorking.h; sourceTree = "<group>"; };
		0DDCDCDA17BAFB8E00DFAAFE /* PANetWorking.m */ = {isa = PBXFileReference; fileEncoding = 4; lastKnownFileType = sourcecode.c.objc; name = PANetWorking.m; path = Service/PANetWorking.m; sourceTree = "<group>"; };
		0DDCDCDD17BAFBDB00DFAAFE /* AFHTTPClient.h */ = {isa = PBXFileReference; fileEncoding = 4; lastKnownFileType = sourcecode.c.h; path = AFHTTPClient.h; sourceTree = "<group>"; };
		0DDCDCDE17BAFBDB00DFAAFE /* AFHTTPClient.m */ = {isa = PBXFileReference; fileEncoding = 4; lastKnownFileType = sourcecode.c.objc; path = AFHTTPClient.m; sourceTree = "<group>"; };
		0DDCDCDF17BAFBDB00DFAAFE /* AFHTTPRequestOperation.h */ = {isa = PBXFileReference; fileEncoding = 4; lastKnownFileType = sourcecode.c.h; path = AFHTTPRequestOperation.h; sourceTree = "<group>"; };
		0DDCDCE017BAFBDB00DFAAFE /* AFHTTPRequestOperation.m */ = {isa = PBXFileReference; fileEncoding = 4; lastKnownFileType = sourcecode.c.objc; path = AFHTTPRequestOperation.m; sourceTree = "<group>"; };
		0DDCDCE117BAFBDB00DFAAFE /* AFImageRequestOperation.h */ = {isa = PBXFileReference; fileEncoding = 4; lastKnownFileType = sourcecode.c.h; path = AFImageRequestOperation.h; sourceTree = "<group>"; };
		0DDCDCE217BAFBDB00DFAAFE /* AFImageRequestOperation.m */ = {isa = PBXFileReference; fileEncoding = 4; lastKnownFileType = sourcecode.c.objc; path = AFImageRequestOperation.m; sourceTree = "<group>"; };
		0DDCDCE317BAFBDB00DFAAFE /* AFJSONRequestOperation.h */ = {isa = PBXFileReference; fileEncoding = 4; lastKnownFileType = sourcecode.c.h; path = AFJSONRequestOperation.h; sourceTree = "<group>"; };
		0DDCDCE417BAFBDB00DFAAFE /* AFJSONRequestOperation.m */ = {isa = PBXFileReference; fileEncoding = 4; lastKnownFileType = sourcecode.c.objc; path = AFJSONRequestOperation.m; sourceTree = "<group>"; };
		0DDCDCE517BAFBDB00DFAAFE /* AFNetworkActivityIndicatorManager.h */ = {isa = PBXFileReference; fileEncoding = 4; lastKnownFileType = sourcecode.c.h; path = AFNetworkActivityIndicatorManager.h; sourceTree = "<group>"; };
		0DDCDCE617BAFBDB00DFAAFE /* AFNetworkActivityIndicatorManager.m */ = {isa = PBXFileReference; fileEncoding = 4; lastKnownFileType = sourcecode.c.objc; path = AFNetworkActivityIndicatorManager.m; sourceTree = "<group>"; };
		0DDCDCE717BAFBDB00DFAAFE /* AFNetworking.h */ = {isa = PBXFileReference; fileEncoding = 4; lastKnownFileType = sourcecode.c.h; path = AFNetworking.h; sourceTree = "<group>"; };
		0DDCDCE817BAFBDB00DFAAFE /* AFPropertyListRequestOperation.h */ = {isa = PBXFileReference; fileEncoding = 4; lastKnownFileType = sourcecode.c.h; path = AFPropertyListRequestOperation.h; sourceTree = "<group>"; };
		0DDCDCE917BAFBDB00DFAAFE /* AFPropertyListRequestOperation.m */ = {isa = PBXFileReference; fileEncoding = 4; lastKnownFileType = sourcecode.c.objc; path = AFPropertyListRequestOperation.m; sourceTree = "<group>"; };
		0DDCDCEA17BAFBDB00DFAAFE /* AFURLConnectionOperation.h */ = {isa = PBXFileReference; fileEncoding = 4; lastKnownFileType = sourcecode.c.h; path = AFURLConnectionOperation.h; sourceTree = "<group>"; };
		0DDCDCEB17BAFBDB00DFAAFE /* AFURLConnectionOperation.m */ = {isa = PBXFileReference; fileEncoding = 4; lastKnownFileType = sourcecode.c.objc; path = AFURLConnectionOperation.m; sourceTree = "<group>"; };
		0DDCDCEC17BAFBDB00DFAAFE /* AFXMLRequestOperation.h */ = {isa = PBXFileReference; fileEncoding = 4; lastKnownFileType = sourcecode.c.h; path = AFXMLRequestOperation.h; sourceTree = "<group>"; };
		0DDCDCED17BAFBDB00DFAAFE /* AFXMLRequestOperation.m */ = {isa = PBXFileReference; fileEncoding = 4; lastKnownFileType = sourcecode.c.objc; path = AFXMLRequestOperation.m; sourceTree = "<group>"; };
		0DDCDCEE17BAFBDB00DFAAFE /* UIImageView+AFNetworking.h */ = {isa = PBXFileReference; fileEncoding = 4; lastKnownFileType = sourcecode.c.h; path = "UIImageView+AFNetworking.h"; sourceTree = "<group>"; };
		0DDCDCEF17BAFBDB00DFAAFE /* UIImageView+AFNetworking.m */ = {isa = PBXFileReference; fileEncoding = 4; lastKnownFileType = sourcecode.c.objc; path = "UIImageView+AFNetworking.m"; sourceTree = "<group>"; };
		0DDFA81717A9C3EC00D9B794 /* prayApp.app */ = {isa = PBXFileReference; explicitFileType = wrapper.application; includeInIndex = 0; path = prayApp.app; sourceTree = BUILT_PRODUCTS_DIR; };
		0DDFA81A17A9C3EC00D9B794 /* UIKit.framework */ = {isa = PBXFileReference; lastKnownFileType = wrapper.framework; name = UIKit.framework; path = System/Library/Frameworks/UIKit.framework; sourceTree = SDKROOT; };
		0DDFA81C17A9C3EC00D9B794 /* Foundation.framework */ = {isa = PBXFileReference; lastKnownFileType = wrapper.framework; name = Foundation.framework; path = System/Library/Frameworks/Foundation.framework; sourceTree = SDKROOT; };
		0DDFA81E17A9C3EC00D9B794 /* CoreGraphics.framework */ = {isa = PBXFileReference; lastKnownFileType = wrapper.framework; name = CoreGraphics.framework; path = System/Library/Frameworks/CoreGraphics.framework; sourceTree = SDKROOT; };
		0DDFA82217A9C3EC00D9B794 /* prayApp-Info.plist */ = {isa = PBXFileReference; lastKnownFileType = text.plist.xml; path = "prayApp-Info.plist"; sourceTree = "<group>"; };
		0DDFA82417A9C3EC00D9B794 /* en */ = {isa = PBXFileReference; lastKnownFileType = text.plist.strings; name = en; path = en.lproj/InfoPlist.strings; sourceTree = "<group>"; };
		0DDFA82617A9C3EC00D9B794 /* main.m */ = {isa = PBXFileReference; lastKnownFileType = sourcecode.c.objc; path = main.m; sourceTree = "<group>"; };
		0DDFA82817A9C3EC00D9B794 /* prayApp-Prefix.pch */ = {isa = PBXFileReference; lastKnownFileType = sourcecode.c.h; path = "prayApp-Prefix.pch"; sourceTree = "<group>"; };
		0DDFA82917A9C3EC00D9B794 /* AppDelegate.h */ = {isa = PBXFileReference; lastKnownFileType = sourcecode.c.h; path = AppDelegate.h; sourceTree = "<group>"; };
		0DDFA82A17A9C3EC00D9B794 /* AppDelegate.m */ = {isa = PBXFileReference; lastKnownFileType = sourcecode.c.objc; path = AppDelegate.m; sourceTree = "<group>"; };
		0DDFA82C17A9C3EC00D9B794 /* Default.png */ = {isa = PBXFileReference; lastKnownFileType = image.png; path = Default.png; sourceTree = "<group>"; };
		0DDFA82E17A9C3EC00D9B794 /* Default@2x.png */ = {isa = PBXFileReference; lastKnownFileType = image.png; path = "Default@2x.png"; sourceTree = "<group>"; };
		0DDFA83017A9C3EC00D9B794 /* Default-568h@2x.png */ = {isa = PBXFileReference; lastKnownFileType = image.png; path = "Default-568h@2x.png"; sourceTree = "<group>"; };
		0DDFA83717A9C3EC00D9B794 /* prayAppTests.octest */ = {isa = PBXFileReference; explicitFileType = wrapper.cfbundle; includeInIndex = 0; path = prayAppTests.octest; sourceTree = BUILT_PRODUCTS_DIR; };
		0DDFA83817A9C3EC00D9B794 /* SenTestingKit.framework */ = {isa = PBXFileReference; lastKnownFileType = wrapper.framework; name = SenTestingKit.framework; path = Library/Frameworks/SenTestingKit.framework; sourceTree = DEVELOPER_DIR; };
		0DDFA84017A9C3EC00D9B794 /* prayAppTests-Info.plist */ = {isa = PBXFileReference; lastKnownFileType = text.plist.xml; path = "prayAppTests-Info.plist"; sourceTree = "<group>"; };
		0DDFA84217A9C3EC00D9B794 /* en */ = {isa = PBXFileReference; lastKnownFileType = text.plist.strings; name = en; path = en.lproj/InfoPlist.strings; sourceTree = "<group>"; };
		0DDFA84417A9C3EC00D9B794 /* prayAppTests.h */ = {isa = PBXFileReference; lastKnownFileType = sourcecode.c.h; path = prayAppTests.h; sourceTree = "<group>"; };
		0DDFA84517A9C3EC00D9B794 /* prayAppTests.m */ = {isa = PBXFileReference; lastKnownFileType = sourcecode.c.objc; path = prayAppTests.m; sourceTree = "<group>"; };
/* End PBXFileReference section */

/* Begin PBXFrameworksBuildPhase section */
		0DDFA81417A9C3EC00D9B794 /* Frameworks */ = {
			isa = PBXFrameworksBuildPhase;
			buildActionMask = 2147483647;
			files = (
				0DDFA81B17A9C3EC00D9B794 /* UIKit.framework in Frameworks */,
				0DDFA81D17A9C3EC00D9B794 /* Foundation.framework in Frameworks */,
				0DDFA81F17A9C3EC00D9B794 /* CoreGraphics.framework in Frameworks */,
			);
			runOnlyForDeploymentPostprocessing = 0;
		};
		0DDFA83317A9C3EC00D9B794 /* Frameworks */ = {
			isa = PBXFrameworksBuildPhase;
			buildActionMask = 2147483647;
			files = (
				0DDFA83917A9C3EC00D9B794 /* SenTestingKit.framework in Frameworks */,
				0DDFA83A17A9C3EC00D9B794 /* UIKit.framework in Frameworks */,
				0DDFA83B17A9C3EC00D9B794 /* Foundation.framework in Frameworks */,
			);
			runOnlyForDeploymentPostprocessing = 0;
		};
/* End PBXFrameworksBuildPhase section */

/* Begin PBXGroup section */
		0D0A39C517C6888B002FF4A3 /* Service */ = {
			isa = PBXGroup;
			children = (
				0DDCDCD917BAFB8E00DFAAFE /* PANetWorking.h */,
				0DDCDCDA17BAFB8E00DFAAFE /* PANetWorking.m */,
				0D0A39C917C68901002FF4A3 /* PAPrayerService.h */,
				0D0A39CA17C68901002FF4A3 /* PAPrayerService.m */,
			);
			name = Service;
			sourceTree = "<group>";
		};
		0D549B0F17BBF59F008E0216 /* MyPrayerList */ = {
			isa = PBXGroup;
			children = (
				0D549B0A17BB17A5008E0216 /* PAHomeViewController.h */,
				0D549B0B17BB17A5008E0216 /* PAHomeViewController.m */,
				0D549B0D17BB188C008E0216 /* Storyboard.storyboard */,
				0D549B1E17BC101F008E0216 /* PAPrayListTableViewCell.h */,
				0D549B1F17BC101F008E0216 /* PAPrayListTableViewCell.m */,
				0D8B6BAE17BED0C10055223A /* PAPrayerDetailViewController.h */,
				0D8B6BAF17BED0C10055223A /* PAPrayerDetailViewController.m */,
			);
			name = MyPrayerList;
			sourceTree = "<group>";
		};
		0DDCDCDC17BAFBDB00DFAAFE /* AFNetworking */ = {
			isa = PBXGroup;
			children = (
				0DDCDCDD17BAFBDB00DFAAFE /* AFHTTPClient.h */,
				0DDCDCDE17BAFBDB00DFAAFE /* AFHTTPClient.m */,
				0DDCDCDF17BAFBDB00DFAAFE /* AFHTTPRequestOperation.h */,
				0DDCDCE017BAFBDB00DFAAFE /* AFHTTPRequestOperation.m */,
				0DDCDCE117BAFBDB00DFAAFE /* AFImageRequestOperation.h */,
				0DDCDCE217BAFBDB00DFAAFE /* AFImageRequestOperation.m */,
				0DDCDCE317BAFBDB00DFAAFE /* AFJSONRequestOperation.h */,
				0DDCDCE417BAFBDB00DFAAFE /* AFJSONRequestOperation.m */,
				0DDCDCE517BAFBDB00DFAAFE /* AFNetworkActivityIndicatorManager.h */,
				0DDCDCE617BAFBDB00DFAAFE /* AFNetworkActivityIndicatorManager.m */,
				0DDCDCE717BAFBDB00DFAAFE /* AFNetworking.h */,
				0DDCDCE817BAFBDB00DFAAFE /* AFPropertyListRequestOperation.h */,
				0DDCDCE917BAFBDB00DFAAFE /* AFPropertyListRequestOperation.m */,
				0DDCDCEA17BAFBDB00DFAAFE /* AFURLConnectionOperation.h */,
				0DDCDCEB17BAFBDB00DFAAFE /* AFURLConnectionOperation.m */,
				0DDCDCEC17BAFBDB00DFAAFE /* AFXMLRequestOperation.h */,
				0DDCDCED17BAFBDB00DFAAFE /* AFXMLRequestOperation.m */,
				0DDCDCEE17BAFBDB00DFAAFE /* UIImageView+AFNetworking.h */,
				0DDCDCEF17BAFBDB00DFAAFE /* UIImageView+AFNetworking.m */,
			);
			path = AFNetworking;
			sourceTree = "<group>";
		};
		0DDFA80E17A9C3EC00D9B794 = {
			isa = PBXGroup;
			children = (
				0D0A39C517C6888B002FF4A3 /* Service */,
				0D549B0F17BBF59F008E0216 /* MyPrayerList */,
				0DDCDCDC17BAFBDB00DFAAFE /* AFNetworking */,
				0D1EDF3A17B05DEF000D6EA4 /* PAPrayer.h */,
				0D1EDF3B17B05DEF000D6EA4 /* PAPrayer.m */,
				0D1EDF3717B05CEC000D6EA4 /* PAComment.h */,
				0D1EDF3817B05CEC000D6EA4 /* PAComment.m */,
				0DDFA82017A9C3EC00D9B794 /* prayApp */,
				0DDFA83E17A9C3EC00D9B794 /* prayAppTests */,
				0DDFA81917A9C3EC00D9B794 /* Frameworks */,
				0DDFA81817A9C3EC00D9B794 /* Products */,
			);
			sourceTree = "<group>";
		};
		0DDFA81817A9C3EC00D9B794 /* Products */ = {
			isa = PBXGroup;
			children = (
				0DDFA81717A9C3EC00D9B794 /* prayApp.app */,
				0DDFA83717A9C3EC00D9B794 /* prayAppTests.octest */,
			);
			name = Products;
			sourceTree = "<group>";
		};
		0DDFA81917A9C3EC00D9B794 /* Frameworks */ = {
			isa = PBXGroup;
			children = (
				0DDFA81A17A9C3EC00D9B794 /* UIKit.framework */,
				0DDFA81C17A9C3EC00D9B794 /* Foundation.framework */,
				0DDFA81E17A9C3EC00D9B794 /* CoreGraphics.framework */,
				0DDFA83817A9C3EC00D9B794 /* SenTestingKit.framework */,
			);
			name = Frameworks;
			sourceTree = "<group>";
		};
		0DDFA82017A9C3EC00D9B794 /* prayApp */ = {
			isa = PBXGroup;
			children = (
				0DDFA82917A9C3EC00D9B794 /* AppDelegate.h */,
				0DDFA82A17A9C3EC00D9B794 /* AppDelegate.m */,
				0DDFA82117A9C3EC00D9B794 /* Supporting Files */,
			);
			path = prayApp;
			sourceTree = "<group>";
		};
		0DDFA82117A9C3EC00D9B794 /* Supporting Files */ = {
			isa = PBXGroup;
			children = (
				0DDFA82217A9C3EC00D9B794 /* prayApp-Info.plist */,
				0DDFA82317A9C3EC00D9B794 /* InfoPlist.strings */,
				0DDFA82617A9C3EC00D9B794 /* main.m */,
				0DDFA82817A9C3EC00D9B794 /* prayApp-Prefix.pch */,
				0DDFA82C17A9C3EC00D9B794 /* Default.png */,
				0DDFA82E17A9C3EC00D9B794 /* Default@2x.png */,
				0DDFA83017A9C3EC00D9B794 /* Default-568h@2x.png */,
			);
			name = "Supporting Files";
			sourceTree = "<group>";
		};
		0DDFA83E17A9C3EC00D9B794 /* prayAppTests */ = {
			isa = PBXGroup;
			children = (
				0DDFA84417A9C3EC00D9B794 /* prayAppTests.h */,
				0DDFA84517A9C3EC00D9B794 /* prayAppTests.m */,
				0DDFA83F17A9C3EC00D9B794 /* Supporting Files */,
			);
			path = prayAppTests;
			sourceTree = "<group>";
		};
		0DDFA83F17A9C3EC00D9B794 /* Supporting Files */ = {
			isa = PBXGroup;
			children = (
				0DDFA84017A9C3EC00D9B794 /* prayAppTests-Info.plist */,
				0DDFA84117A9C3EC00D9B794 /* InfoPlist.strings */,
			);
			name = "Supporting Files";
			sourceTree = "<group>";
		};
/* End PBXGroup section */

/* Begin PBXNativeTarget section */
		0DDFA81617A9C3EC00D9B794 /* prayApp */ = {
			isa = PBXNativeTarget;
			buildConfigurationList = 0DDFA84917A9C3EC00D9B794 /* Build configuration list for PBXNativeTarget "prayApp" */;
			buildPhases = (
				0DDFA81317A9C3EC00D9B794 /* Sources */,
				0DDFA81417A9C3EC00D9B794 /* Frameworks */,
				0DDFA81517A9C3EC00D9B794 /* Resources */,
			);
			buildRules = (
			);
			dependencies = (
			);
			name = prayApp;
			productName = prayApp;
			productReference = 0DDFA81717A9C3EC00D9B794 /* prayApp.app */;
			productType = "com.apple.product-type.application";
		};
		0DDFA83617A9C3EC00D9B794 /* prayAppTests */ = {
			isa = PBXNativeTarget;
			buildConfigurationList = 0DDFA84C17A9C3EC00D9B794 /* Build configuration list for PBXNativeTarget "prayAppTests" */;
			buildPhases = (
				0DDFA83217A9C3EC00D9B794 /* Sources */,
				0DDFA83317A9C3EC00D9B794 /* Frameworks */,
				0DDFA83417A9C3EC00D9B794 /* Resources */,
				0DDFA83517A9C3EC00D9B794 /* ShellScript */,
			);
			buildRules = (
			);
			dependencies = (
				0DDFA83D17A9C3EC00D9B794 /* PBXTargetDependency */,
			);
			name = prayAppTests;
			productName = prayAppTests;
			productReference = 0DDFA83717A9C3EC00D9B794 /* prayAppTests.octest */;
			productType = "com.apple.product-type.bundle";
		};
/* End PBXNativeTarget section */

/* Begin PBXProject section */
		0DDFA80F17A9C3EC00D9B794 /* Project object */ = {
			isa = PBXProject;
			attributes = {
				LastUpgradeCheck = 0460;
				ORGANIZATIONNAME = "Jeff Wang";
			};
			buildConfigurationList = 0DDFA81217A9C3EC00D9B794 /* Build configuration list for PBXProject "prayApp" */;
			compatibilityVersion = "Xcode 3.2";
			developmentRegion = English;
			hasScannedForEncodings = 0;
			knownRegions = (
				en,
			);
			mainGroup = 0DDFA80E17A9C3EC00D9B794;
			productRefGroup = 0DDFA81817A9C3EC00D9B794 /* Products */;
			projectDirPath = "";
			projectRoot = "";
			targets = (
				0DDFA81617A9C3EC00D9B794 /* prayApp */,
				0DDFA83617A9C3EC00D9B794 /* prayAppTests */,
			);
		};
/* End PBXProject section */

/* Begin PBXResourcesBuildPhase section */
		0DDFA81517A9C3EC00D9B794 /* Resources */ = {
			isa = PBXResourcesBuildPhase;
			buildActionMask = 2147483647;
			files = (
				0DDFA82517A9C3EC00D9B794 /* InfoPlist.strings in Resources */,
				0DDFA82D17A9C3EC00D9B794 /* Default.png in Resources */,
				0DDFA82F17A9C3EC00D9B794 /* Default@2x.png in Resources */,
				0DDFA83117A9C3EC00D9B794 /* Default-568h@2x.png in Resources */,
				0D549B0E17BB188C008E0216 /* Storyboard.storyboard in Resources */,
			);
			runOnlyForDeploymentPostprocessing = 0;
		};
		0DDFA83417A9C3EC00D9B794 /* Resources */ = {
			isa = PBXResourcesBuildPhase;
			buildActionMask = 2147483647;
			files = (
				0DDFA84317A9C3EC00D9B794 /* InfoPlist.strings in Resources */,
			);
			runOnlyForDeploymentPostprocessing = 0;
		};
/* End PBXResourcesBuildPhase section */

/* Begin PBXShellScriptBuildPhase section */
		0DDFA83517A9C3EC00D9B794 /* ShellScript */ = {
			isa = PBXShellScriptBuildPhase;
			buildActionMask = 2147483647;
			files = (
			);
			inputPaths = (
			);
			outputPaths = (
			);
			runOnlyForDeploymentPostprocessing = 0;
			shellPath = /bin/sh;
			shellScript = "# Run the unit tests in this test bundle.\n\"${SYSTEM_DEVELOPER_DIR}/Tools/RunUnitTests\"\n";
		};
/* End PBXShellScriptBuildPhase section */

/* Begin PBXSourcesBuildPhase section */
		0DDFA81317A9C3EC00D9B794 /* Sources */ = {
			isa = PBXSourcesBuildPhase;
			buildActionMask = 2147483647;
			files = (
				0D549B2017BC101F008E0216 /* PAPrayListTableViewCell.m in Sources */,
				0DDFA82717A9C3EC00D9B794 /* main.m in Sources */,
				0DDFA82B17A9C3EC00D9B794 /* AppDelegate.m in Sources */,
				0D549B0C17BB17A5008E0216 /* PAHomeViewController.m in Sources */,
				0D1EDF3917B05CEC000D6EA4 /* PAComment.m in Sources */,
				0D1EDF3C17B05DEF000D6EA4 /* PAPrayer.m in Sources */,
				0DDCDCDB17BAFB8E00DFAAFE /* PANetWorking.m in Sources */,
				0DDCDCF017BAFBDB00DFAAFE /* AFHTTPClient.m in Sources */,
				0DDCDCF117BAFBDB00DFAAFE /* AFHTTPRequestOperation.m in Sources */,
				0DDCDCF217BAFBDB00DFAAFE /* AFImageRequestOperation.m in Sources */,
				0DDCDCF317BAFBDB00DFAAFE /* AFJSONRequestOperation.m in Sources */,
				0DDCDCF417BAFBDB00DFAAFE /* AFNetworkActivityIndicatorManager.m in Sources */,
				0DDCDCF517BAFBDB00DFAAFE /* AFPropertyListRequestOperation.m in Sources */,
				0DDCDCF617BAFBDB00DFAAFE /* AFURLConnectionOperation.m in Sources */,
				0DDCDCF717BAFBDB00DFAAFE /* AFXMLRequestOperation.m in Sources */,
				0D0A39CB17C68901002FF4A3 /* PAPrayerService.m in Sources */,
				0D8B6BB017BED0C10055223A /* PAPrayerDetailViewController.m in Sources */,
				0DDCDCF817BAFBDB00DFAAFE /* UIImageView+AFNetworking.m in Sources */,
			);
			runOnlyForDeploymentPostprocessing = 0;
		};
		0DDFA83217A9C3EC00D9B794 /* Sources */ = {
			isa = PBXSourcesBuildPhase;
			buildActionMask = 2147483647;
			files = (
				0DDFA84617A9C3EC00D9B794 /* prayAppTests.m in Sources */,
			);
			runOnlyForDeploymentPostprocessing = 0;
		};
/* End PBXSourcesBuildPhase section */

/* Begin PBXTargetDependency section */
		0DDFA83D17A9C3EC00D9B794 /* PBXTargetDependency */ = {
			isa = PBXTargetDependency;
			target = 0DDFA81617A9C3EC00D9B794 /* prayApp */;
			targetProxy = 0DDFA83C17A9C3EC00D9B794 /* PBXContainerItemProxy */;
		};
/* End PBXTargetDependency section */

/* Begin PBXVariantGroup section */
		0DDFA82317A9C3EC00D9B794 /* InfoPlist.strings */ = {
			isa = PBXVariantGroup;
			children = (
				0DDFA82417A9C3EC00D9B794 /* en */,
			);
			name = InfoPlist.strings;
			sourceTree = "<group>";
		};
		0DDFA84117A9C3EC00D9B794 /* InfoPlist.strings */ = {
			isa = PBXVariantGroup;
			children = (
				0DDFA84217A9C3EC00D9B794 /* en */,
			);
			name = InfoPlist.strings;
			sourceTree = "<group>";
		};
/* End PBXVariantGroup section */

/* Begin XCBuildConfiguration section */
		0DDFA84717A9C3EC00D9B794 /* Debug */ = {
			isa = XCBuildConfiguration;
			buildSettings = {
				ALWAYS_SEARCH_USER_PATHS = NO;
				CLANG_CXX_LANGUAGE_STANDARD = "gnu++0x";
				CLANG_CXX_LIBRARY = "libc++";
				CLANG_ENABLE_OBJC_ARC = YES;
				CLANG_WARN_CONSTANT_CONVERSION = YES;
				CLANG_WARN_EMPTY_BODY = YES;
				CLANG_WARN_ENUM_CONVERSION = YES;
				CLANG_WARN_INT_CONVERSION = YES;
				CLANG_WARN__DUPLICATE_METHOD_MATCH = YES;
				"CODE_SIGN_IDENTITY[sdk=iphoneos*]" = "iPhone Developer";
				COPY_PHASE_STRIP = NO;
				GCC_C_LANGUAGE_STANDARD = gnu99;
				GCC_DYNAMIC_NO_PIC = NO;
				GCC_OPTIMIZATION_LEVEL = 0;
				GCC_PREPROCESSOR_DEFINITIONS = (
					"DEBUG=1",
					"$(inherited)",
				);
				GCC_SYMBOLS_PRIVATE_EXTERN = NO;
				GCC_WARN_ABOUT_RETURN_TYPE = YES;
				GCC_WARN_UNINITIALIZED_AUTOS = YES;
				GCC_WARN_UNUSED_VARIABLE = YES;
				IPHONEOS_DEPLOYMENT_TARGET = 6.1;
				ONLY_ACTIVE_ARCH = YES;
				SDKROOT = iphoneos;
				TARGETED_DEVICE_FAMILY = "1,2";
			};
			name = Debug;
		};
		0DDFA84817A9C3EC00D9B794 /* Release */ = {
			isa = XCBuildConfiguration;
			buildSettings = {
				ALWAYS_SEARCH_USER_PATHS = NO;
				CLANG_CXX_LANGUAGE_STANDARD = "gnu++0x";
				CLANG_CXX_LIBRARY = "libc++";
				CLANG_ENABLE_OBJC_ARC = YES;
				CLANG_WARN_CONSTANT_CONVERSION = YES;
				CLANG_WARN_EMPTY_BODY = YES;
				CLANG_WARN_ENUM_CONVERSION = YES;
				CLANG_WARN_INT_CONVERSION = YES;
				CLANG_WARN__DUPLICATE_METHOD_MATCH = YES;
				"CODE_SIGN_IDENTITY[sdk=iphoneos*]" = "iPhone Developer";
				COPY_PHASE_STRIP = YES;
				GCC_C_LANGUAGE_STANDARD = gnu99;
				GCC_WARN_ABOUT_RETURN_TYPE = YES;
				GCC_WARN_UNINITIALIZED_AUTOS = YES;
				GCC_WARN_UNUSED_VARIABLE = YES;
				IPHONEOS_DEPLOYMENT_TARGET = 6.1;
				OTHER_CFLAGS = "-DNS_BLOCK_ASSERTIONS=1";
				SDKROOT = iphoneos;
				TARGETED_DEVICE_FAMILY = "1,2";
				VALIDATE_PRODUCT = YES;
			};
			name = Release;
		};
		0DDFA84A17A9C3EC00D9B794 /* Debug */ = {
			isa = XCBuildConfiguration;
			buildSettings = {
				CLANG_ENABLE_MODULES = YES;
				GCC_PRECOMPILE_PREFIX_HEADER = YES;
				GCC_PREFIX_HEADER = "prayApp/prayApp-Prefix.pch";
				INFOPLIST_FILE = "prayApp/prayApp-Info.plist";
				PRODUCT_NAME = "$(TARGET_NAME)";
				WRAPPER_EXTENSION = app;
			};
			name = Debug;
		};
		0DDFA84B17A9C3EC00D9B794 /* Release */ = {
			isa = XCBuildConfiguration;
			buildSettings = {
				CLANG_ENABLE_MODULES = YES;
				GCC_PRECOMPILE_PREFIX_HEADER = YES;
				GCC_PREFIX_HEADER = "prayApp/prayApp-Prefix.pch";
				INFOPLIST_FILE = "prayApp/prayApp-Info.plist";
				PRODUCT_NAME = "$(TARGET_NAME)";
				WRAPPER_EXTENSION = app;
			};
			name = Release;
		};
		0DDFA84D17A9C3EC00D9B794 /* Debug */ = {
			isa = XCBuildConfiguration;
			buildSettings = {
				BUNDLE_LOADER = "$(BUILT_PRODUCTS_DIR)/prayApp.app/prayApp";
				FRAMEWORK_SEARCH_PATHS = (
					"\"$(SDKROOT)/Developer/Library/Frameworks\"",
					"\"$(DEVELOPER_LIBRARY_DIR)/Frameworks\"",
				);
				GCC_PRECOMPILE_PREFIX_HEADER = YES;
				GCC_PREFIX_HEADER = "prayApp/prayApp-Prefix.pch";
				INFOPLIST_FILE = "prayAppTests/prayAppTests-Info.plist";
				PRODUCT_NAME = "$(TARGET_NAME)";
				TEST_HOST = "$(BUNDLE_LOADER)";
				WRAPPER_EXTENSION = octest;
			};
			name = Debug;
		};
		0DDFA84E17A9C3EC00D9B794 /* Release */ = {
			isa = XCBuildConfiguration;
			buildSettings = {
				BUNDLE_LOADER = "$(BUILT_PRODUCTS_DIR)/prayApp.app/prayApp";
				FRAMEWORK_SEARCH_PATHS = (
					"\"$(SDKROOT)/Developer/Library/Frameworks\"",
					"\"$(DEVELOPER_LIBRARY_DIR)/Frameworks\"",
				);
				GCC_PRECOMPILE_PREFIX_HEADER = YES;
				GCC_PREFIX_HEADER = "prayApp/prayApp-Prefix.pch";
				INFOPLIST_FILE = "prayAppTests/prayAppTests-Info.plist";
				PRODUCT_NAME = "$(TARGET_NAME)";
				TEST_HOST = "$(BUNDLE_LOADER)";
				WRAPPER_EXTENSION = octest;
			};
			name = Release;
		};
/* End XCBuildConfiguration section */

/* Begin XCConfigurationList section */
		0DDFA81217A9C3EC00D9B794 /* Build configuration list for PBXProject "prayApp" */ = {
			isa = XCConfigurationList;
			buildConfigurations = (
				0DDFA84717A9C3EC00D9B794 /* Debug */,
				0DDFA84817A9C3EC00D9B794 /* Release */,
			);
			defaultConfigurationIsVisible = 0;
			defaultConfigurationName = Release;
		};
		0DDFA84917A9C3EC00D9B794 /* Build configuration list for PBXNativeTarget "prayApp" */ = {
			isa = XCConfigurationList;
			buildConfigurations = (
				0DDFA84A17A9C3EC00D9B794 /* Debug */,
				0DDFA84B17A9C3EC00D9B794 /* Release */,
			);
			defaultConfigurationIsVisible = 0;
			defaultConfigurationName = Release;
		};
		0DDFA84C17A9C3EC00D9B794 /* Build configuration list for PBXNativeTarget "prayAppTests" */ = {
			isa = XCConfigurationList;
			buildConfigurations = (
				0DDFA84D17A9C3EC00D9B794 /* Debug */,
				0DDFA84E17A9C3EC00D9B794 /* Release */,
			);
			defaultConfigurationIsVisible = 0;
			defaultConfigurationName = Release;
		};
/* End XCConfigurationList section */
	};
	rootObject = 0DDFA80F17A9C3EC00D9B794 /* Project object */;
}
